
Microsoft Visual Studio Solution File, Format Version 12.00
# Visual Studio Version 16
VisualStudioVersion = 16.0.29613.14
MinimumVisualStudioVersion = 10.0.40219.1
Project("{FAE04EC0-301F-11D3-BF4B-00C04F79EFBC}") = "BT", "BT.csproj", "{9023E8E3-86F8-4960-81EB-454A3CC509D1}"
EndProject
Global
	GlobalSection(SolutionConfigurationPlatforms) = preSolution
		Debug|Any CPU = Debug|Any CPU
		Release|Any CPU = Release|Any CPU
	EndGlobalSection
	GlobalSection(ProjectConfigurationPlatforms) = postSolution
		{9023E8E3-86F8-4960-81EB-454A3CC509D1}.Debug|Any CPU.ActiveCfg = Debug|Any CPU
		{9023E8E3-86F8-4960-81EB-454A3CC509D1}.Debug|Any CPU.Build.0 = Debug|Any CPU
		{9023E8E3-86F8-4960-81EB-454A3CC509D1}.Release|Any CPU.ActiveCfg = Release|Any CPU
		{9023E8E3-86F8-4960-81EB-454A3CC509D1}.Release|Any CPU.Build.0 = Release|Any CPU
	EndGlobalSection
	GlobalSection(SolutionProperties) = preSolution
		HideSolutionNode = FALSE
	EndGlobalSection
	GlobalSection(ExtensibilityGlobals) = postSolution
		SolutionGuid = {2E28ECE1-766A-4AB6-89B9-49E41356B31A}
	EndGlobalSection
EndGlobal
